
Microsoft Visual Studio Solution File, Format Version 12.00
# Visual Studio 15
VisualStudioVersion = 15.0.28307.438
MinimumVisualStudioVersion = 10.0.40219.1
Project("{9A19103F-16F7-4668-BE54-9A1E7A4F7556}") = "webhook", "webhook.csproj", "{7F807DCF-39CE-4817-AAE0-9BE92E693D85}"
EndProject
Global
	GlobalSection(SolutionConfigurationPlatforms) = preSolution
		Debug|Any CPU = Debug|Any CPU
		Release|Any CPU = Release|Any CPU
	EndGlobalSection
	GlobalSection(ProjectConfigurationPlatforms) = postSolution
		{7F807DCF-39CE-4817-AAE0-9BE92E693D85}.Debug|Any CPU.ActiveCfg = Debug|Any CPU
		{7F807DCF-39CE-4817-AAE0-9BE92E693D85}.Debug|Any CPU.Build.0 = Debug|Any CPU
		{7F807DCF-39CE-4817-AAE0-9BE92E693D85}.Release|Any CPU.ActiveCfg = Release|Any CPU
		{7F807DCF-39CE-4817-AAE0-9BE92E693D85}.Release|Any CPU.Build.0 = Release|Any CPU
	EndGlobalSection
	GlobalSection(SolutionProperties) = preSolution
		HideSolutionNode = FALSE
	EndGlobalSection
	GlobalSection(ExtensibilityGlobals) = postSolution
		SolutionGuid = {286F887D-3B50-4131-8C48-4A8EE4FDC553}
	EndGlobalSection
EndGlobal
